
Microsoft Visual Studio Solution File, Format Version 12.00
# Visual Studio Version 16
VisualStudioVersion = 16.0.30517.126
MinimumVisualStudioVersion = 10.0.40219.1
Project("{FAE04EC0-301F-11D3-BF4B-00C04F79EFBC}") = "SoftwareEngineeringApp", "SoftwareEngineeringApp\SoftwareEngineeringApp.csproj", "{84E9D0B1-A65B-42A0-95DD-27304012CC30}"
EndProject
Global
	GlobalSection(SolutionConfigurationPlatforms) = preSolution
		Debug|Any CPU = Debug|Any CPU
		Release|Any CPU = Release|Any CPU
	EndGlobalSection
	GlobalSection(ProjectConfigurationPlatforms) = postSolution
		{84E9D0B1-A65B-42A0-95DD-27304012CC30}.Debug|Any CPU.ActiveCfg = Debug|Any CPU
		{84E9D0B1-A65B-42A0-95DD-27304012CC30}.Debug|Any CPU.Build.0 = Debug|Any CPU
		{84E9D0B1-A65B-42A0-95DD-27304012CC30}.Release|Any CPU.ActiveCfg = Release|Any CPU
		{84E9D0B1-A65B-42A0-95DD-27304012CC30}.Release|Any CPU.Build.0 = Release|Any CPU
	EndGlobalSection
	GlobalSection(SolutionProperties) = preSolution
		HideSolutionNode = FALSE
	EndGlobalSection
	GlobalSection(ExtensibilityGlobals) = postSolution
		SolutionGuid = {E012B245-7E70-40FD-8F40-239B83C403B5}
	EndGlobalSection
EndGlobal
